{
  "nodes": {
    "graphify-src": {
      "flake": false,
      "locked": {
        "lastModified": 1779976425,
        "narHash": "sha256-onkiklX/TDgDU0uufLk4VyO84U2lmjtvr5lToDXY3XY=",
        "owner": "safishamsi",
        "repo": "graphify",
        "rev": "7c124997834c4811a31e1b3d6e81511e5478df7d",
        "type": "github"
      },
      "original": {
        "owner": "safishamsi",
        "repo": "graphify",
        "type": "github"
      }
    },
    "nixpkgs": {
      "locked": {
        "lastModified": 1779560665,
        "narHash": "sha256-tpyBcxPpcQb8ukyNF7DoCwfSY3VPsxHoYwj00Cayv5o=",
        "owner": "NixOS",
        "repo": "nixpkgs",
        "rev": "64c08a7ca051951c8eae34e3e3cb1e202fe36786",
        "type": "github"
      },
      "original": {
        "owner": "NixOS",
        "ref": "nixos-unstable",
        "repo": "nixpkgs",
        "type": "github"
      }
    },
    "root": {
      "inputs": {
        "graphify-src": "graphify-src",
        "nixpkgs": "nixpkgs"
      }
    }
  },
  "root": "root",
  "version": 7
}
